// !$*UTF8*$!
{
	archiveVersion = 1;
	classes = {
	};
	objectVersion = 56;
	objects = {

/* Begin PBXBuildFile section */
		CE675BC72BFBC14A003B4410 /* AppDelegate.swift in Sources */ = {isa = PBXBuildFile; fileRef = CE675BC62BFBC14A003B4410 /* AppDelegate.swift */; };
		CE675BC92BFBC14A003B4410 /* SceneDelegate.swift in Sources */ = {isa = PBXBuildFile; fileRef = CE675BC82BFBC14A003B4410 /* SceneDelegate.swift */; };
		CE675BCB2BFBC14A003B4410 /* MainViewController.swift in Sources */ = {isa = PBXBuildFile; fileRef = CE675BCA2BFBC14A003B4410 /* MainViewController.swift */; };
		CE675BD02BFBC14E003B4410 /* Assets.xcassets in Resources */ = {isa = PBXBuildFile; fileRef = CE675BCF2BFBC14E003B4410 /* Assets.xcassets */; };
		CE675BD32BFBC14E003B4410 /* LaunchScreen.storyboard in Resources */ = {isa = PBXBuildFile; fileRef = CE675BD12BFBC14E003B4410 /* LaunchScreen.storyboard */; };
		CE675BDC2BFBCA42003B4410 /* HorizontalCollectionView.swift in Sources */ = {isa = PBXBuildFile; fileRef = CE675BDB2BFBCA42003B4410 /* HorizontalCollectionView.swift */; };
		CE675BDE2BFCCBD2003B4410 /* AvatarImageFetcher.swift in Sources */ = {isa = PBXBuildFile; fileRef = CE675BDD2BFCCBD2003B4410 /* AvatarImageFetcher.swift */; };
		CE9082252BFCE86C006233CA /* AvatarCell.swift in Sources */ = {isa = PBXBuildFile; fileRef = CE9082242BFCE86C006233CA /* AvatarCell.swift */; };
		CE9082282BFCE99C006233CA /* UIView+Extensions.swift in Sources */ = {isa = PBXBuildFile; fileRef = CE9082272BFCE99C006233CA /* UIView+Extensions.swift */; };
		CE90822A2BFCF108006233CA /* Presenter.swift in Sources */ = {isa = PBXBuildFile; fileRef = CE9082292BFCF108006233CA /* Presenter.swift */; };
		CE90822C2BFCF45B006233CA /* MainViewController+CollectionView.swift in Sources */ = {isa = PBXBuildFile; fileRef = CE90822B2BFCF45B006233CA /* MainViewController+CollectionView.swift */; };
		CE90822E2BFCF6E4006233CA /* MainViewController+Extensions.swift in Sources */ = {isa = PBXBuildFile; fileRef = CE90822D2BFCF6E4006233CA /* MainViewController+Extensions.swift */; };
		CE9082302BFCFBBD006233CA /* UILabel+Extensions.swift in Sources */ = {isa = PBXBuildFile; fileRef = CE90822F2BFCFBBD006233CA /* UILabel+Extensions.swift */; };
		CE9082322BFD073B006233CA /* UITextField+Extensions.swift in Sources */ = {isa = PBXBuildFile; fileRef = CE9082312BFD073B006233CA /* UITextField+Extensions.swift */; };
		CE9082362BFD1E53006233CA /* UIButton+Extension.swift in Sources */ = {isa = PBXBuildFile; fileRef = CE9082352BFD1E53006233CA /* UIButton+Extension.swift */; };
		CEA2BE872BFE0D640055D20E /* Avatar.swift in Sources */ = {isa = PBXBuildFile; fileRef = CEA2BE862BFE0D640055D20E /* Avatar.swift */; };
		CEA2BE932BFE21A30055D20E /* AvatarBuilderWatchApp.swift in Sources */ = {isa = PBXBuildFile; fileRef = CEA2BE922BFE21A30055D20E /* AvatarBuilderWatchApp.swift */; };
		CEA2BE972BFE21A60055D20E /* Assets.xcassets in Resources */ = {isa = PBXBuildFile; fileRef = CEA2BE962BFE21A60055D20E /* Assets.xcassets */; };
		CEA2BE9A2BFE21A60055D20E /* Preview Assets.xcassets in Resources */ = {isa = PBXBuildFile; fileRef = CEA2BE992BFE21A60055D20E /* Preview Assets.xcassets */; };
		CEA2BE9D2BFE21A60055D20E /* AvatarBuilderWatch Watch App.app in Embed Watch Content */ = {isa = PBXBuildFile; fileRef = CEA2BE902BFE21A30055D20E /* AvatarBuilderWatch Watch App.app */; settings = {ATTRIBUTES = (RemoveHeadersOnCopy, ); }; };
		CEA2BEA32BFE23280055D20E /* AvatarOverviewView.swift in Sources */ = {isa = PBXBuildFile; fileRef = CEA2BEA22BFE23270055D20E /* AvatarOverviewView.swift */; };
		CEA2BEA72BFE29DA0055D20E /* AvatarViewModel.swift in Sources */ = {isa = PBXBuildFile; fileRef = CEA2BEA62BFE29D90055D20E /* AvatarViewModel.swift */; };
		CEA2BEAC2BFE38B80055D20E /* EditView.swift in Sources */ = {isa = PBXBuildFile; fileRef = CEA2BEAB2BFE38B80055D20E /* EditView.swift */; };
		CEA2BEAF2BFE49B70055D20E /* WatchConnectivityConstants.swift in Sources */ = {isa = PBXBuildFile; fileRef = CEA2BEAE2BFE49B70055D20E /* WatchConnectivityConstants.swift */; };
		CEA2BEB02BFE49B70055D20E /* WatchConnectivityConstants.swift in Sources */ = {isa = PBXBuildFile; fileRef = CEA2BEAE2BFE49B70055D20E /* WatchConnectivityConstants.swift */; };
		CEA2BEB82BFE5F2F0055D20E /* Avatar.swift in Sources */ = {isa = PBXBuildFile; fileRef = CEA2BE862BFE0D640055D20E /* Avatar.swift */; };
		CEB1CA802BFF88EE0038C2A7 /* ImageDataView.swift in Sources */ = {isa = PBXBuildFile; fileRef = CEB1CA7F2BFF88EE0038C2A7 /* ImageDataView.swift */; };
		CEEC1DE52C00F5720046551C /* ConnectivityProvider.swift in Sources */ = {isa = PBXBuildFile; fileRef = CEEC1DE42C00F5720046551C /* ConnectivityProvider.swift */; };
		CEEC1DE62C00F5720046551C /* ConnectivityProvider.swift in Sources */ = {isa = PBXBuildFile; fileRef = CEEC1DE42C00F5720046551C /* ConnectivityProvider.swift */; };
		CEEC1DE82C0355B50046551C /* Constants.swift in Sources */ = {isa = PBXBuildFile; fileRef = CEEC1DE72C0355B50046551C /* Constants.swift */; };
/* End PBXBuildFile section */

/* Begin PBXContainerItemProxy section */
		CEA2BE9B2BFE21A60055D20E /* PBXContainerItemProxy */ = {
			isa = PBXContainerItemProxy;
			containerPortal = CE675BBB2BFBC14A003B4410 /* Project object */;
			proxyType = 1;
			remoteGlobalIDString = CEA2BE8F2BFE21A30055D20E;
			remoteInfo = "AvatarBuilderWatch Watch App";
		};
/* End PBXContainerItemProxy section */

/* Begin PBXCopyFilesBuildPhase section */
		CEA2BEA12BFE21A60055D20E /* Embed Watch Content */ = {
			isa = PBXCopyFilesBuildPhase;
			buildActionMask = 2147483647;
			dstPath = "$(CONTENTS_FOLDER_PATH)/Watch";
			dstSubfolderSpec = 16;
			files = (
				CEA2BE9D2BFE21A60055D20E /* AvatarBuilderWatch Watch App.app in Embed Watch Content */,
			);
			name = "Embed Watch Content";
			runOnlyForDeploymentPostprocessing = 0;
		};
/* End PBXCopyFilesBuildPhase section */

/* Begin PBXFileReference section */
		CE675BC32BFBC14A003B4410 /* AvatarBuilder.app */ = {isa = PBXFileReference; explicitFileType = wrapper.application; includeInIndex = 0; path = AvatarBuilder.app; sourceTree = BUILT_PRODUCTS_DIR; };
		CE675BC62BFBC14A003B4410 /* AppDelegate.swift */ = {isa = PBXFileReference; lastKnownFileType = sourcecode.swift; path = AppDelegate.swift; sourceTree = "<group>"; };
		CE675BC82BFBC14A003B4410 /* SceneDelegate.swift */ = {isa = PBXFileReference; lastKnownFileType = sourcecode.swift; path = SceneDelegate.swift; sourceTree = "<group>"; };
		CE675BCA2BFBC14A003B4410 /* MainViewController.swift */ = {isa = PBXFileReference; lastKnownFileType = sourcecode.swift; path = MainViewController.swift; sourceTree = "<group>"; };
		CE675BCF2BFBC14E003B4410 /* Assets.xcassets */ = {isa = PBXFileReference; lastKnownFileType = folder.assetcatalog; path = Assets.xcassets; sourceTree = "<group>"; };
		CE675BD22BFBC14E003B4410 /* Base */ = {isa = PBXFileReference; lastKnownFileType = file.storyboard; name = Base; path = Base.lproj/LaunchScreen.storyboard; sourceTree = "<group>"; };
		CE675BD42BFBC14E003B4410 /* Info.plist */ = {isa = PBXFileReference; lastKnownFileType = text.plist.xml; path = Info.plist; sourceTree = "<group>"; };
		CE675BDB2BFBCA42003B4410 /* HorizontalCollectionView.swift */ = {isa = PBXFileReference; lastKnownFileType = sourcecode.swift; path = HorizontalCollectionView.swift; sourceTree = "<group>"; };
		CE675BDD2BFCCBD2003B4410 /* AvatarImageFetcher.swift */ = {isa = PBXFileReference; lastKnownFileType = sourcecode.swift; path = AvatarImageFetcher.swift; sourceTree = "<group>"; };
		CE9082242BFCE86C006233CA /* AvatarCell.swift */ = {isa = PBXFileReference; lastKnownFileType = sourcecode.swift; path = AvatarCell.swift; sourceTree = "<group>"; };
		CE9082272BFCE99C006233CA /* UIView+Extensions.swift */ = {isa = PBXFileReference; lastKnownFileType = sourcecode.swift; path = "UIView+Extensions.swift"; sourceTree = "<group>"; };
		CE9082292BFCF108006233CA /* Presenter.swift */ = {isa = PBXFileReference; lastKnownFileType = sourcecode.swift; path = Presenter.swift; sourceTree = "<group>"; };
		CE90822B2BFCF45B006233CA /* MainViewController+CollectionView.swift */ = {isa = PBXFileReference; lastKnownFileType = sourcecode.swift; path = "MainViewController+CollectionView.swift"; sourceTree = "<group>"; };
		CE90822D2BFCF6E4006233CA /* MainViewController+Extensions.swift */ = {isa = PBXFileReference; lastKnownFileType = sourcecode.swift; path = "MainViewController+Extensions.swift"; sourceTree = "<group>"; };
		CE90822F2BFCFBBD006233CA /* UILabel+Extensions.swift */ = {isa = PBXFileReference; lastKnownFileType = sourcecode.swift; path = "UILabel+Extensions.swift"; sourceTree = "<group>"; };
		CE9082312BFD073B006233CA /* UITextField+Extensions.swift */ = {isa = PBXFileReference; lastKnownFileType = sourcecode.swift; path = "UITextField+Extensions.swift"; sourceTree = "<group>"; };
		CE9082352BFD1E53006233CA /* UIButton+Extension.swift */ = {isa = PBXFileReference; lastKnownFileType = sourcecode.swift; path = "UIButton+Extension.swift"; sourceTree = "<group>"; };
		CEA2BE862BFE0D640055D20E /* Avatar.swift */ = {isa = PBXFileReference; lastKnownFileType = sourcecode.swift; path = Avatar.swift; sourceTree = "<group>"; };
		CEA2BE902BFE21A30055D20E /* AvatarBuilderWatch Watch App.app */ = {isa = PBXFileReference; explicitFileType = wrapper.application; includeInIndex = 0; path = "AvatarBuilderWatch Watch App.app"; sourceTree = BUILT_PRODUCTS_DIR; };
		CEA2BE922BFE21A30055D20E /* AvatarBuilderWatchApp.swift */ = {isa = PBXFileReference; lastKnownFileType = sourcecode.swift; path = AvatarBuilderWatchApp.swift; sourceTree = "<group>"; };
		CEA2BE962BFE21A60055D20E /* Assets.xcassets */ = {isa = PBXFileReference; lastKnownFileType = folder.assetcatalog; path = Assets.xcassets; sourceTree = "<group>"; };
		CEA2BE992BFE21A60055D20E /* Preview Assets.xcassets */ = {isa = PBXFileReference; lastKnownFileType = folder.assetcatalog; path = "Preview Assets.xcassets"; sourceTree = "<group>"; };
		CEA2BEA22BFE23270055D20E /* AvatarOverviewView.swift */ = {isa = PBXFileReference; lastKnownFileType = sourcecode.swift; path = AvatarOverviewView.swift; sourceTree = "<group>"; };
		CEA2BEA62BFE29D90055D20E /* AvatarViewModel.swift */ = {isa = PBXFileReference; lastKnownFileType = sourcecode.swift; path = AvatarViewModel.swift; sourceTree = "<group>"; };
		CEA2BEAB2BFE38B80055D20E /* EditView.swift */ = {isa = PBXFileReference; lastKnownFileType = sourcecode.swift; path = EditView.swift; sourceTree = "<group>"; };
		CEA2BEAE2BFE49B70055D20E /* WatchConnectivityConstants.swift */ = {isa = PBXFileReference; lastKnownFileType = sourcecode.swift; path = WatchConnectivityConstants.swift; sourceTree = "<group>"; };
		CEB1CA7F2BFF88EE0038C2A7 /* ImageDataView.swift */ = {isa = PBXFileReference; lastKnownFileType = sourcecode.swift; path = ImageDataView.swift; sourceTree = "<group>"; };
		CEEC1DE42C00F5720046551C /* ConnectivityProvider.swift */ = {isa = PBXFileReference; lastKnownFileType = sourcecode.swift; path = ConnectivityProvider.swift; sourceTree = "<group>"; };
		CEEC1DE72C0355B50046551C /* Constants.swift */ = {isa = PBXFileReference; lastKnownFileType = sourcecode.swift; path = Constants.swift; sourceTree = "<group>"; };
/* End PBXFileReference section */

/* Begin PBXFrameworksBuildPhase section */
		CE675BC02BFBC14A003B4410 /* Frameworks */ = {
			isa = PBXFrameworksBuildPhase;
			buildActionMask = 2147483647;
			files = (
			);
			runOnlyForDeploymentPostprocessing = 0;
		};
		CEA2BE8D2BFE21A30055D20E /* Frameworks */ = {
			isa = PBXFrameworksBuildPhase;
			buildActionMask = 2147483647;
			files = (
			);
			runOnlyForDeploymentPostprocessing = 0;
		};
/* End PBXFrameworksBuildPhase section */

/* Begin PBXGroup section */
		CE675BBA2BFBC14A003B4410 = {
			isa = PBXGroup;
			children = (
				CEA2BEAD2BFE49790055D20E /* Shared */,
				CE675BC52BFBC14A003B4410 /* AvatarBuilder */,
				CEA2BE912BFE21A30055D20E /* AvatarBuilderWatch Watch App */,
				CE675BC42BFBC14A003B4410 /* Products */,
			);
			sourceTree = "<group>";
		};
		CE675BC42BFBC14A003B4410 /* Products */ = {
			isa = PBXGroup;
			children = (
				CE675BC32BFBC14A003B4410 /* AvatarBuilder.app */,
				CEA2BE902BFE21A30055D20E /* AvatarBuilderWatch Watch App.app */,
			);
			name = Products;
			sourceTree = "<group>";
		};
		CE675BC52BFBC14A003B4410 /* AvatarBuilder */ = {
			isa = PBXGroup;
			children = (
				CE675BDA2BFBC65D003B4410 /* Resources */,
				CEA2BE8B2BFE1EAD0055D20E /* AvatarBuilderModule */,
			);
			path = AvatarBuilder;
			sourceTree = "<group>";
		};
		CE675BDA2BFBC65D003B4410 /* Resources */ = {
			isa = PBXGroup;
			children = (
				CE675BC62BFBC14A003B4410 /* AppDelegate.swift */,
				CE675BC82BFBC14A003B4410 /* SceneDelegate.swift */,
				CE675BD42BFBC14E003B4410 /* Info.plist */,
				CE675BCF2BFBC14E003B4410 /* Assets.xcassets */,
				CE675BD12BFBC14E003B4410 /* LaunchScreen.storyboard */,
			);
			path = Resources;
			sourceTree = "<group>";
		};
		CE9082262BFCE97D006233CA /* Extensions */ = {
			isa = PBXGroup;
			children = (
				CE9082272BFCE99C006233CA /* UIView+Extensions.swift */,
				CE90822F2BFCFBBD006233CA /* UILabel+Extensions.swift */,
				CE9082312BFD073B006233CA /* UITextField+Extensions.swift */,
				CE9082352BFD1E53006233CA /* UIButton+Extension.swift */,
			);
			path = Extensions;
			sourceTree = "<group>";
		};
		CEA2BE852BFE069B0055D20E /* MainViewController */ = {
			isa = PBXGroup;
			children = (
				CE675BCA2BFBC14A003B4410 /* MainViewController.swift */,
				CE90822D2BFCF6E4006233CA /* MainViewController+Extensions.swift */,
				CE90822B2BFCF45B006233CA /* MainViewController+CollectionView.swift */,
				CE9082242BFCE86C006233CA /* AvatarCell.swift */,
				CE9082292BFCF108006233CA /* Presenter.swift */,
			);
			path = MainViewController;
			sourceTree = "<group>";
		};
		CEA2BE882BFE0D740055D20E /* Model */ = {
			isa = PBXGroup;
			children = (
				CEA2BE862BFE0D640055D20E /* Avatar.swift */,
			);
			path = Model;
			sourceTree = "<group>";
		};
		CEA2BE8B2BFE1EAD0055D20E /* AvatarBuilderModule */ = {
			isa = PBXGroup;
			children = (
				CEEC1DE72C0355B50046551C /* Constants.swift */,
				CEA2BEB22BFE4A520055D20E /* Services */,
				CEA2BEB12BFE4A3C0055D20E /* CustomViews */,
				CE9082262BFCE97D006233CA /* Extensions */,
				CEA2BE852BFE069B0055D20E /* MainViewController */,
			);
			path = AvatarBuilderModule;
			sourceTree = "<group>";
		};
		CEA2BE912BFE21A30055D20E /* AvatarBuilderWatch Watch App */ = {
			isa = PBXGroup;
			children = (
				CEB1CA822BFFA88D0038C2A7 /* AvatarViewModule */,
				CEA2BE962BFE21A60055D20E /* Assets.xcassets */,
				CEA2BE982BFE21A60055D20E /* Preview Content */,
			);
			path = "AvatarBuilderWatch Watch App";
			sourceTree = "<group>";
		};
		CEA2BE982BFE21A60055D20E /* Preview Content */ = {
			isa = PBXGroup;
			children = (
				CEA2BE992BFE21A60055D20E /* Preview Assets.xcassets */,
			);
			path = "Preview Content";
			sourceTree = "<group>";
		};
		CEA2BEAD2BFE49790055D20E /* Shared */ = {
			isa = PBXGroup;
			children = (
				CEA2BEAE2BFE49B70055D20E /* WatchConnectivityConstants.swift */,
				CEEC1DE42C00F5720046551C /* ConnectivityProvider.swift */,
				CEA2BE882BFE0D740055D20E /* Model */,
			);
			path = Shared;
			sourceTree = "<group>";
		};
		CEA2BEB12BFE4A3C0055D20E /* CustomViews */ = {
			isa = PBXGroup;
			children = (
				CE675BDB2BFBCA42003B4410 /* HorizontalCollectionView.swift */,
			);
			path = CustomViews;
			sourceTree = "<group>";
		};
		CEA2BEB22BFE4A520055D20E /* Services */ = {
			isa = PBXGroup;
			children = (
				CE675BDD2BFCCBD2003B4410 /* AvatarImageFetcher.swift */,
			);
			path = Services;
			sourceTree = "<group>";
		};
		CEB1CA822BFFA88D0038C2A7 /* AvatarViewModule */ = {
			isa = PBXGroup;
			children = (
				CEA2BE922BFE21A30055D20E /* AvatarBuilderWatchApp.swift */,
				CEA2BEA22BFE23270055D20E /* AvatarOverviewView.swift */,
				CEB1CA832BFFA8C70038C2A7 /* Subviews */,
				CEB1CA842BFFA8D40038C2A7 /* ViewModel */,
			);
			path = AvatarViewModule;
			sourceTree = "<group>";
		};
		CEB1CA832BFFA8C70038C2A7 /* Subviews */ = {
			isa = PBXGroup;
			children = (
				CEB1CA7F2BFF88EE0038C2A7 /* ImageDataView.swift */,
				CEA2BEAB2BFE38B80055D20E /* EditView.swift */,
			);
			path = Subviews;
			sourceTree = "<group>";
		};
		CEB1CA842BFFA8D40038C2A7 /* ViewModel */ = {
			isa = PBXGroup;
			children = (
				CEA2BEA62BFE29D90055D20E /* AvatarViewModel.swift */,
			);
			path = ViewModel;
			sourceTree = "<group>";
		};
/* End PBXGroup section */

/* Begin PBXNativeTarget section */
		CE675BC22BFBC14A003B4410 /* AvatarBuilder */ = {
			isa = PBXNativeTarget;
			buildConfigurationList = CE675BD72BFBC14E003B4410 /* Build configuration list for PBXNativeTarget "AvatarBuilder" */;
			buildPhases = (
				CE675BBF2BFBC14A003B4410 /* Sources */,
				CE675BC02BFBC14A003B4410 /* Frameworks */,
				CE675BC12BFBC14A003B4410 /* Resources */,
				CEA2BEA12BFE21A60055D20E /* Embed Watch Content */,
			);
			buildRules = (
			);
			dependencies = (
				CEA2BE9C2BFE21A60055D20E /* PBXTargetDependency */,
			);
			name = AvatarBuilder;
			productName = AvatarBuilder;
			productReference = CE675BC32BFBC14A003B4410 /* AvatarBuilder.app */;
			productType = "com.apple.product-type.application";
		};
		CEA2BE8F2BFE21A30055D20E /* AvatarBuilderWatch Watch App */ = {
			isa = PBXNativeTarget;
			buildConfigurationList = CEA2BE9E2BFE21A60055D20E /* Build configuration list for PBXNativeTarget "AvatarBuilderWatch Watch App" */;
			buildPhases = (
				CEA2BE8C2BFE21A30055D20E /* Sources */,
				CEA2BE8D2BFE21A30055D20E /* Frameworks */,
				CEA2BE8E2BFE21A30055D20E /* Resources */,
			);
			buildRules = (
			);
			dependencies = (
			);
			name = "AvatarBuilderWatch Watch App";
			productName = "AvatarBuilderWatch Watch App";
			productReference = CEA2BE902BFE21A30055D20E /* AvatarBuilderWatch Watch App.app */;
			productType = "com.apple.product-type.application";
		};
/* End PBXNativeTarget section */

/* Begin PBXProject section */
		CE675BBB2BFBC14A003B4410 /* Project object */ = {
			isa = PBXProject;
			attributes = {
				BuildIndependentTargetsInParallel = 1;
				LastSwiftUpdateCheck = 1520;
				LastUpgradeCheck = 1520;
				TargetAttributes = {
					CE675BC22BFBC14A003B4410 = {
						CreatedOnToolsVersion = 15.2;
					};
					CEA2BE8F2BFE21A30055D20E = {
						CreatedOnToolsVersion = 15.2;
					};
				};
			};
			buildConfigurationList = CE675BBE2BFBC14A003B4410 /* Build configuration list for PBXProject "AvatarBuilder" */;
			compatibilityVersion = "Xcode 14.0";
			developmentRegion = en;
			hasScannedForEncodings = 0;
			knownRegions = (
				en,
				Base,
			);
			mainGroup = CE675BBA2BFBC14A003B4410;
			productRefGroup = CE675BC42BFBC14A003B4410 /* Products */;
			projectDirPath = "";
			projectRoot = "";
			targets = (
				CE675BC22BFBC14A003B4410 /* AvatarBuilder */,
				CEA2BE8F2BFE21A30055D20E /* AvatarBuilderWatch Watch App */,
			);
		};
/* End PBXProject section */

/* Begin PBXResourcesBuildPhase section */
		CE675BC12BFBC14A003B4410 /* Resources */ = {
			isa = PBXResourcesBuildPhase;
			buildActionMask = 2147483647;
			files = (
				CE675BD32BFBC14E003B4410 /* LaunchScreen.storyboard in Resources */,
				CE675BD02BFBC14E003B4410 /* Assets.xcassets in Resources */,
			);
			runOnlyForDeploymentPostprocessing = 0;
		};
		CEA2BE8E2BFE21A30055D20E /* Resources */ = {
			isa = PBXResourcesBuildPhase;
			buildActionMask = 2147483647;
			files = (
				CEA2BE9A2BFE21A60055D20E /* Preview Assets.xcassets in Resources */,
				CEA2BE972BFE21A60055D20E /* Assets.xcassets in Resources */,
			);
			runOnlyForDeploymentPostprocessing = 0;
		};
/* End PBXResourcesBuildPhase section */

/* Begin PBXSourcesBuildPhase section */
		CE675BBF2BFBC14A003B4410 /* Sources */ = {
			isa = PBXSourcesBuildPhase;
			buildActionMask = 2147483647;
			files = (
				CE9082282BFCE99C006233CA /* UIView+Extensions.swift in Sources */,
				CEEC1DE82C0355B50046551C /* Constants.swift in Sources */,
				CE675BDE2BFCCBD2003B4410 /* AvatarImageFetcher.swift in Sources */,
				CE9082362BFD1E53006233CA /* UIButton+Extension.swift in Sources */,
				CE9082302BFCFBBD006233CA /* UILabel+Extensions.swift in Sources */,
				CEEC1DE52C00F5720046551C /* ConnectivityProvider.swift in Sources */,
				CE675BCB2BFBC14A003B4410 /* MainViewController.swift in Sources */,
				CE90822C2BFCF45B006233CA /* MainViewController+CollectionView.swift in Sources */,
				CE675BC72BFBC14A003B4410 /* AppDelegate.swift in Sources */,
				CE675BDC2BFBCA42003B4410 /* HorizontalCollectionView.swift in Sources */,
				CE9082252BFCE86C006233CA /* AvatarCell.swift in Sources */,
				CE90822E2BFCF6E4006233CA /* MainViewController+Extensions.swift in Sources */,
				CEA2BE872BFE0D640055D20E /* Avatar.swift in Sources */,
				CE9082322BFD073B006233CA /* UITextField+Extensions.swift in Sources */,
				CEA2BEAF2BFE49B70055D20E /* WatchConnectivityConstants.swift in Sources */,
				CE90822A2BFCF108006233CA /* Presenter.swift in Sources */,
				CE675BC92BFBC14A003B4410 /* SceneDelegate.swift in Sources */,
			);
			runOnlyForDeploymentPostprocessing = 0;
		};
		CEA2BE8C2BFE21A30055D20E /* Sources */ = {
			isa = PBXSourcesBuildPhase;
			buildActionMask = 2147483647;
			files = (
				CEA2BEB02BFE49B70055D20E /* WatchConnectivityConstants.swift in Sources */,
				CEA2BEA32BFE23280055D20E /* AvatarOverviewView.swift in Sources */,
				CEEC1DE62C00F5720046551C /* ConnectivityProvider.swift in Sources */,
				CEA2BEAC2BFE38B80055D20E /* EditView.swift in Sources */,
				CEA2BE932BFE21A30055D20E /* AvatarBuilderWatchApp.swift in Sources */,
				CEA2BEB82BFE5F2F0055D20E /* Avatar.swift in Sources */,
				CEB1CA802BFF88EE0038C2A7 /* ImageDataView.swift in Sources */,
				CEA2BEA72BFE29DA0055D20E /* AvatarViewModel.swift in Sources */,
			);
			runOnlyForDeploymentPostprocessing = 0;
		};
/* End PBXSourcesBuildPhase section */

/* Begin PBXTargetDependency section */
		CEA2BE9C2BFE21A60055D20E /* PBXTargetDependency */ = {
			isa = PBXTargetDependency;
			target = CEA2BE8F2BFE21A30055D20E /* AvatarBuilderWatch Watch App */;
			targetProxy = CEA2BE9B2BFE21A60055D20E /* PBXContainerItemProxy */;
		};
/* End PBXTargetDependency section */

/* Begin PBXVariantGroup section */
		CE675BD12BFBC14E003B4410 /* LaunchScreen.storyboard */ = {
			isa = PBXVariantGroup;
			children = (
				CE675BD22BFBC14E003B4410 /* Base */,
			);
			name = LaunchScreen.storyboard;
			sourceTree = "<group>";
		};
/* End PBXVariantGroup section */

/* Begin XCBuildConfiguration section */
		CE675BD52BFBC14E003B4410 /* Debug */ = {
			isa = XCBuildConfiguration;
			buildSettings = {
				ALWAYS_SEARCH_USER_PATHS = NO;
				ASSETCATALOG_COMPILER_GENERATE_SWIFT_ASSET_SYMBOL_EXTENSIONS = YES;
				CLANG_ANALYZER_NONNULL = YES;
				CLANG_ANALYZER_NUMBER_OBJECT_CONVERSION = YES_AGGRESSIVE;
				CLANG_CXX_LANGUAGE_STANDARD = "gnu++20";
				CLANG_ENABLE_MODULES = YES;
				CLANG_ENABLE_OBJC_ARC = YES;
				CLANG_ENABLE_OBJC_WEAK = YES;
				CLANG_WARN_BLOCK_CAPTURE_AUTORELEASING = YES;
				CLANG_WARN_BOOL_CONVERSION = YES;
				CLANG_WARN_COMMA = YES;
				CLANG_WARN_CONSTANT_CONVERSION = YES;
				CLANG_WARN_DEPRECATED_OBJC_IMPLEMENTATIONS = YES;
				CLANG_WARN_DIRECT_OBJC_ISA_USAGE = YES_ERROR;
				CLANG_WARN_DOCUMENTATION_COMMENTS = YES;
				CLANG_WARN_EMPTY_BODY = YES;
				CLANG_WARN_ENUM_CONVERSION = YES;
				CLANG_WARN_INFINITE_RECURSION = YES;
				CLANG_WARN_INT_CONVERSION = YES;
				CLANG_WARN_NON_LITERAL_NULL_CONVERSION = YES;
				CLANG_WARN_OBJC_IMPLICIT_RETAIN_SELF = YES;
				CLANG_WARN_OBJC_LITERAL_CONVERSION = YES;
				CLANG_WARN_OBJC_ROOT_CLASS = YES_ERROR;
				CLANG_WARN_QUOTED_INCLUDE_IN_FRAMEWORK_HEADER = YES;
				CLANG_WARN_RANGE_LOOP_ANALYSIS = YES;
				CLANG_WARN_STRICT_PROTOTYPES = YES;
				CLANG_WARN_SUSPICIOUS_MOVE = YES;
				CLANG_WARN_UNGUARDED_AVAILABILITY = YES_AGGRESSIVE;
				CLANG_WARN_UNREACHABLE_CODE = YES;
				CLANG_WARN__DUPLICATE_METHOD_MATCH = YES;
				COPY_PHASE_STRIP = NO;
				DEBUG_INFORMATION_FORMAT = dwarf;
				ENABLE_STRICT_OBJC_MSGSEND = YES;
				ENABLE_TESTABILITY = YES;
				ENABLE_USER_SCRIPT_SANDBOXING = YES;
				GCC_C_LANGUAGE_STANDARD = gnu17;
				GCC_DYNAMIC_NO_PIC = NO;
				GCC_NO_COMMON_BLOCKS = YES;
				GCC_OPTIMIZATION_LEVEL = 0;
				GCC_PREPROCESSOR_DEFINITIONS = (
					"DEBUG=1",
					"$(inherited)",
				);
				GCC_WARN_64_TO_32_BIT_CONVERSION = YES;
				GCC_WARN_ABOUT_RETURN_TYPE = YES_ERROR;
				GCC_WARN_UNDECLARED_SELECTOR = YES;
				GCC_WARN_UNINITIALIZED_AUTOS = YES_AGGRESSIVE;
				GCC_WARN_UNUSED_FUNCTION = YES;
				GCC_WARN_UNUSED_VARIABLE = YES;
				IPHONEOS_DEPLOYMENT_TARGET = 16.0;
				LOCALIZATION_PREFERS_STRING_CATALOGS = YES;
				MTL_ENABLE_DEBUG_INFO = INCLUDE_SOURCE;
				MTL_FAST_MATH = YES;
				ONLY_ACTIVE_ARCH = YES;
				SDKROOT = iphoneos;
				SWIFT_ACTIVE_COMPILATION_CONDITIONS = "DEBUG $(inherited)";
				SWIFT_OPTIMIZATION_LEVEL = "-Onone";
			};
			name = Debug;
		};
		CE675BD62BFBC14E003B4410 /* Release */ = {
			isa = XCBuildConfiguration;
			buildSettings = {
				ALWAYS_SEARCH_USER_PATHS = NO;
				ASSETCATALOG_COMPILER_GENERATE_SWIFT_ASSET_SYMBOL_EXTENSIONS = YES;
				CLANG_ANALYZER_NONNULL = YES;
				CLANG_ANALYZER_NUMBER_OBJECT_CONVERSION = YES_AGGRESSIVE;
				CLANG_CXX_LANGUAGE_STANDARD = "gnu++20";
				CLANG_ENABLE_MODULES = YES;
				CLANG_ENABLE_OBJC_ARC = YES;
				CLANG_ENABLE_OBJC_WEAK = YES;
				CLANG_WARN_BLOCK_CAPTURE_AUTORELEASING = YES;
				CLANG_WARN_BOOL_CONVERSION = YES;
				CLANG_WARN_COMMA = YES;
				CLANG_WARN_CONSTANT_CONVERSION = YES;
				CLANG_WARN_DEPRECATED_OBJC_IMPLEMENTATIONS = YES;
				CLANG_WARN_DIRECT_OBJC_ISA_USAGE = YES_ERROR;
				CLANG_WARN_DOCUMENTATION_COMMENTS = YES;
				CLANG_WARN_EMPTY_BODY = YES;
				CLANG_WARN_ENUM_CONVERSION = YES;
				CLANG_WARN_INFINITE_RECURSION = YES;
				CLANG_WARN_INT_CONVERSION = YES;
				CLANG_WARN_NON_LITERAL_NULL_CONVERSION = YES;
				CLANG_WARN_OBJC_IMPLICIT_RETAIN_SELF = YES;
				CLANG_WARN_OBJC_LITERAL_CONVERSION = YES;
				CLANG_WARN_OBJC_ROOT_CLASS = YES_ERROR;
				CLANG_WARN_QUOTED_INCLUDE_IN_FRAMEWORK_HEADER = YES;
				CLANG_WARN_RANGE_LOOP_ANALYSIS = YES;
				CLANG_WARN_STRICT_PROTOTYPES = YES;
				CLANG_WARN_SUSPICIOUS_MOVE = YES;
				CLANG_WARN_UNGUARDED_AVAILABILITY = YES_AGGRESSIVE;
				CLANG_WARN_UNREACHABLE_CODE = YES;
				CLANG_WARN__DUPLICATE_METHOD_MATCH = YES;
				COPY_PHASE_STRIP = NO;
				DEBUG_INFORMATION_FORMAT = "dwarf-with-dsym";
				ENABLE_NS_ASSERTIONS = NO;
				ENABLE_STRICT_OBJC_MSGSEND = YES;
				ENABLE_USER_SCRIPT_SANDBOXING = YES;
				GCC_C_LANGUAGE_STANDARD = gnu17;
				GCC_NO_COMMON_BLOCKS = YES;
				GCC_WARN_64_TO_32_BIT_CONVERSION = YES;
				GCC_WARN_ABOUT_RETURN_TYPE = YES_ERROR;
				GCC_WARN_UNDECLARED_SELECTOR = YES;
				GCC_WARN_UNINITIALIZED_AUTOS = YES_AGGRESSIVE;
				GCC_WARN_UNUSED_FUNCTION = YES;
				GCC_WARN_UNUSED_VARIABLE = YES;
				IPHONEOS_DEPLOYMENT_TARGET = 16.0;
				LOCALIZATION_PREFERS_STRING_CATALOGS = YES;
				MTL_ENABLE_DEBUG_INFO = NO;
				MTL_FAST_MATH = YES;
				SDKROOT = iphoneos;
				SWIFT_COMPILATION_MODE = wholemodule;
				VALIDATE_PRODUCT = YES;
			};
			name = Release;
		};
		CE675BD82BFBC14E003B4410 /* Debug */ = {
			isa = XCBuildConfiguration;
			buildSettings = {
				ALWAYS_EMBED_SWIFT_STANDARD_LIBRARIES = YES;
				ASSETCATALOG_COMPILER_APPICON_NAME = AppIcon;
				ASSETCATALOG_COMPILER_GLOBAL_ACCENT_COLOR_NAME = AccentColor;
				CODE_SIGN_STYLE = Automatic;
				CURRENT_PROJECT_VERSION = 1;
				DEVELOPMENT_TEAM = TWWBX6RB4S;
				GENERATE_INFOPLIST_FILE = YES;
				INFOPLIST_FILE = AvatarBuilder/Resources/Info.plist;
				INFOPLIST_KEY_LSApplicationCategoryType = "public.app-category.entertainment";
				INFOPLIST_KEY_UIApplicationSupportsIndirectInputEvents = YES;
				INFOPLIST_KEY_UILaunchStoryboardName = LaunchScreen;
				INFOPLIST_KEY_UISupportedInterfaceOrientations = UIInterfaceOrientationPortrait;
				INFOPLIST_KEY_UISupportedInterfaceOrientations_iPad = "UIInterfaceOrientationLandscapeLeft UIInterfaceOrientationLandscapeRight UIInterfaceOrientationPortrait UIInterfaceOrientationPortraitUpsideDown";
				LD_RUNPATH_SEARCH_PATHS = (
					"$(inherited)",
					"@executable_path/Frameworks",
				);
				MARKETING_VERSION = 1.0;
				PRODUCT_BUNDLE_IDENTIFIER = com.markKovalchuk.AvatarBuilder;
				PRODUCT_NAME = "$(TARGET_NAME)";
				SUPPORTED_PLATFORMS = "iphoneos iphonesimulator";
				SUPPORTS_MACCATALYST = NO;
				SUPPORTS_MAC_DESIGNED_FOR_IPHONE_IPAD = NO;
				SUPPORTS_XR_DESIGNED_FOR_IPHONE_IPAD = NO;
				SWIFT_EMIT_LOC_STRINGS = YES;
				SWIFT_VERSION = 5.0;
				TARGETED_DEVICE_FAMILY = 1;
			};
			name = Debug;
		};
		CE675BD92BFBC14E003B4410 /* Release */ = {
			isa = XCBuildConfiguration;
			buildSettings = {
				ALWAYS_EMBED_SWIFT_STANDARD_LIBRARIES = YES;
				ASSETCATALOG_COMPILER_APPICON_NAME = AppIcon;
				ASSETCATALOG_COMPILER_GLOBAL_ACCENT_COLOR_NAME = AccentColor;
				CODE_SIGN_STYLE = Automatic;
				CURRENT_PROJECT_VERSION = 1;
				DEVELOPMENT_TEAM = TWWBX6RB4S;
				GENERATE_INFOPLIST_FILE = YES;
				INFOPLIST_FILE = AvatarBuilder/Resources/Info.plist;
				INFOPLIST_KEY_LSApplicationCategoryType = "public.app-category.entertainment";
				INFOPLIST_KEY_UIApplicationSupportsIndirectInputEvents = YES;
				INFOPLIST_KEY_UILaunchStoryboardName = LaunchScreen;
				INFOPLIST_KEY_UISupportedInterfaceOrientations = UIInterfaceOrientationPortrait;
				INFOPLIST_KEY_UISupportedInterfaceOrientations_iPad = "UIInterfaceOrientationLandscapeLeft UIInterfaceOrientationLandscapeRight UIInterfaceOrientationPortrait UIInterfaceOrientationPortraitUpsideDown";
				LD_RUNPATH_SEARCH_PATHS = (
					"$(inherited)",
					"@executable_path/Frameworks",
				);
				MARKETING_VERSION = 1.0;
				PRODUCT_BUNDLE_IDENTIFIER = com.markKovalchuk.AvatarBuilder;
				PRODUCT_NAME = "$(TARGET_NAME)";
				SUPPORTED_PLATFORMS = "iphoneos iphonesimulator";
				SUPPORTS_MACCATALYST = NO;
				SUPPORTS_MAC_DESIGNED_FOR_IPHONE_IPAD = NO;
				SUPPORTS_XR_DESIGNED_FOR_IPHONE_IPAD = NO;
				SWIFT_EMIT_LOC_STRINGS = YES;
				SWIFT_VERSION = 5.0;
				TARGETED_DEVICE_FAMILY = 1;
			};
			name = Release;
		};
		CEA2BE9F2BFE21A60055D20E /* Debug */ = {
			isa = XCBuildConfiguration;
			buildSettings = {
				ASSETCATALOG_COMPILER_APPICON_NAME = AppIcon;
				ASSETCATALOG_COMPILER_GLOBAL_ACCENT_COLOR_NAME = AccentColor;
				CODE_SIGN_STYLE = Automatic;
				CURRENT_PROJECT_VERSION = 1;
				DEVELOPMENT_ASSET_PATHS = "\"AvatarBuilderWatch Watch App/Preview Content\"";
				DEVELOPMENT_TEAM = TWWBX6RB4S;
				ENABLE_PREVIEWS = YES;
				GENERATE_INFOPLIST_FILE = YES;
				INFOPLIST_KEY_CFBundleDisplayName = AvatarBuilderWatch;
				INFOPLIST_KEY_UISupportedInterfaceOrientations = "UIInterfaceOrientationPortrait UIInterfaceOrientationPortraitUpsideDown";
				INFOPLIST_KEY_WKCompanionAppBundleIdentifier = com.markKovalchuk.AvatarBuilder;
				LD_RUNPATH_SEARCH_PATHS = (
					"$(inherited)",
					"@executable_path/Frameworks",
				);
				MARKETING_VERSION = 1.0;
				PRODUCT_BUNDLE_IDENTIFIER = com.markKovalchuk.AvatarBuilder.watchkitapp;
				PRODUCT_NAME = "$(TARGET_NAME)";
				SDKROOT = watchos;
				SKIP_INSTALL = YES;
				SWIFT_EMIT_LOC_STRINGS = YES;
				SWIFT_VERSION = 5.0;
				TARGETED_DEVICE_FAMILY = 4;
				WATCHOS_DEPLOYMENT_TARGET = 9.0;
			};
			name = Debug;
		};
		CEA2BEA02BFE21A60055D20E /* Release */ = {
			isa = XCBuildConfiguration;
			buildSettings = {
				ASSETCATALOG_COMPILER_APPICON_NAME = AppIcon;
				ASSETCATALOG_COMPILER_GLOBAL_ACCENT_COLOR_NAME = AccentColor;
				CODE_SIGN_STYLE = Automatic;
				CURRENT_PROJECT_VERSION = 1;
				DEVELOPMENT_ASSET_PATHS = "\"AvatarBuilderWatch Watch App/Preview Content\"";
				DEVELOPMENT_TEAM = TWWBX6RB4S;
				ENABLE_PREVIEWS = YES;
				GENERATE_INFOPLIST_FILE = YES;
				INFOPLIST_KEY_CFBundleDisplayName = AvatarBuilderWatch;
				INFOPLIST_KEY_UISupportedInterfaceOrientations = "UIInterfaceOrientationPortrait UIInterfaceOrientationPortraitUpsideDown";
				INFOPLIST_KEY_WKCompanionAppBundleIdentifier = com.markKovalchuk.AvatarBuilder;
				LD_RUNPATH_SEARCH_PATHS = (
					"$(inherited)",
					"@executable_path/Frameworks",
				);
				MARKETING_VERSION = 1.0;
				PRODUCT_BUNDLE_IDENTIFIER = com.markKovalchuk.AvatarBuilder.watchkitapp;
				PRODUCT_NAME = "$(TARGET_NAME)";
				SDKROOT = watchos;
				SKIP_INSTALL = YES;
				SWIFT_EMIT_LOC_STRINGS = YES;
				SWIFT_VERSION = 5.0;
				TARGETED_DEVICE_FAMILY = 4;
				WATCHOS_DEPLOYMENT_TARGET = 9.0;
			};
			name = Release;
		};
/* End XCBuildConfiguration section */

/* Begin XCConfigurationList section */
		CE675BBE2BFBC14A003B4410 /* Build configuration list for PBXProject "AvatarBuilder" */ = {
			isa = XCConfigurationList;
			buildConfigurations = (
				CE675BD52BFBC14E003B4410 /* Debug */,
				CE675BD62BFBC14E003B4410 /* Release */,
			);
			defaultConfigurationIsVisible = 0;
			defaultConfigurationName = Release;
		};
		CE675BD72BFBC14E003B4410 /* Build configuration list for PBXNativeTarget "AvatarBuilder" */ = {
			isa = XCConfigurationList;
			buildConfigurations = (
				CE675BD82BFBC14E003B4410 /* Debug */,
				CE675BD92BFBC14E003B4410 /* Release */,
			);
			defaultConfigurationIsVisible = 0;
			defaultConfigurationName = Release;
		};
		CEA2BE9E2BFE21A60055D20E /* Build configuration list for PBXNativeTarget "AvatarBuilderWatch Watch App" */ = {
			isa = XCConfigurationList;
			buildConfigurations = (
				CEA2BE9F2BFE21A60055D20E /* Debug */,
				CEA2BEA02BFE21A60055D20E /* Release */,
			);
			defaultConfigurationIsVisible = 0;
			defaultConfigurationName = Release;
		};
/* End XCConfigurationList section */
	};
	rootObject = CE675BBB2BFBC14A003B4410 /* Project object */;
}
